
Microsoft Visual Studio Solution File, Format Version 12.00
# Visual Studio Version 16
VisualStudioVersion = 16.0.29709.97
MinimumVisualStudioVersion = 10.0.40219.1
Project("{9A19103F-16F7-4668-BE54-9A1E7A4F7556}") = "ConsoleApp", "ConsoleApp\ConsoleApp.csproj", "{D5676272-C49B-492C-A891-340F6BF4B121}"
EndProject
Project("{9A19103F-16F7-4668-BE54-9A1E7A4F7556}") = "CoreTest", "CoreTest\CoreTest.csproj", "{5898621A-2EF8-493D-9E58-8027E8688252}"
	ProjectSection(ProjectDependencies) = postProject
		{C8183A65-044A-45C7-9FA5-5A917A2D1EC0} = {C8183A65-044A-45C7-9FA5-5A917A2D1EC0}
	EndProjectSection
EndProject
Project("{9A19103F-16F7-4668-BE54-9A1E7A4F7556}") = "Core", "Core\Core.csproj", "{C8183A65-044A-45C7-9FA5-5A917A2D1EC0}"
EndProject
Global
	GlobalSection(SolutionConfigurationPlatforms) = preSolution
		Debug|Any CPU = Debug|Any CPU
		Release|Any CPU = Release|Any CPU
	EndGlobalSection
	GlobalSection(ProjectConfigurationPlatforms) = postSolution
		{D5676272-C49B-492C-A891-340F6BF4B121}.Debug|Any CPU.ActiveCfg = Debug|Any CPU
		{D5676272-C49B-492C-A891-340F6BF4B121}.Debug|Any CPU.Build.0 = Debug|Any CPU
		{D5676272-C49B-492C-A891-340F6BF4B121}.Release|Any CPU.ActiveCfg = Release|Any CPU
		{D5676272-C49B-492C-A891-340F6BF4B121}.Release|Any CPU.Build.0 = Release|Any CPU
		{5898621A-2EF8-493D-9E58-8027E8688252}.Debug|Any CPU.ActiveCfg = Debug|Any CPU
		{5898621A-2EF8-493D-9E58-8027E8688252}.Debug|Any CPU.Build.0 = Debug|Any CPU
		{5898621A-2EF8-493D-9E58-8027E8688252}.Release|Any CPU.ActiveCfg = Release|Any CPU
		{5898621A-2EF8-493D-9E58-8027E8688252}.Release|Any CPU.Build.0 = Release|Any CPU
		{C8183A65-044A-45C7-9FA5-5A917A2D1EC0}.Debug|Any CPU.ActiveCfg = Debug|Any CPU
		{C8183A65-044A-45C7-9FA5-5A917A2D1EC0}.Debug|Any CPU.Build.0 = Debug|Any CPU
		{C8183A65-044A-45C7-9FA5-5A917A2D1EC0}.Release|Any CPU.ActiveCfg = Release|Any CPU
		{C8183A65-044A-45C7-9FA5-5A917A2D1EC0}.Release|Any CPU.Build.0 = Release|Any CPU
	EndGlobalSection
	GlobalSection(SolutionProperties) = preSolution
		HideSolutionNode = FALSE
	EndGlobalSection
	GlobalSection(ExtensibilityGlobals) = postSolution
		SolutionGuid = {C62CE999-BCAD-4021-8EAB-968F271C0048}
	EndGlobalSection
EndGlobal
